{
  "name": "ex_fontawesome_pro",
  "version": "0.0.1",
  "lockfileVersion": 2,
  "requires": true,
  "packages": {
    "": {
      "name": "ex_fontawesome_pro",
      "version": "0.0.1",
      "license": "ISC",
      "dependencies": {
        "@fortawesome/fontawesome-pro": "^6.1.1"
      }
    },
    "node_modules/@fortawesome/fontawesome-pro": {
      "version": "6.1.1",
      "resolved": "https://npm.fontawesome.com/@fortawesome/fontawesome-pro/-/6.1.1/fontawesome-pro-6.1.1.tgz",
      "integrity": "sha512-0w6GM8sCXNpcBLUz4bx61JvjjoCvfEIz5wBz2KjLNw9qk1F2XiUWuifXobvLbwaA7kqPGBRPo3U8Zw7zyaJ9sA==",
      "engines": {
        "node": ">=6"
      }
    }
  },
  "dependencies": {
    "@fortawesome/fontawesome-pro": {
      "version": "6.1.1",
      "resolved": "https://npm.fontawesome.com/@fortawesome/fontawesome-pro/-/6.1.1/fontawesome-pro-6.1.1.tgz",
      "integrity": "sha512-0w6GM8sCXNpcBLUz4bx61JvjjoCvfEIz5wBz2KjLNw9qk1F2XiUWuifXobvLbwaA7kqPGBRPo3U8Zw7zyaJ9sA=="
    }
  }
}
